// !$*UTF8*$!
{
	archiveVersion = 1;
	classes = {
	};
	objectVersion = 77;
	objects = {

/* Begin PBXBuildFile section */
		F26858512F69D4F000623C8D /* Alamofire in Frameworks */ = {isa = PBXBuildFile; productRef = F26858502F69D4F000623C8D /* Alamofire */; };
		F26858542F69D53200623C8D /* Kingfisher in Frameworks */ = {isa = PBXBuildFile; productRef = F26858532F69D53200623C8D /* Kingfisher */; };
		F26858572F69D68C00623C8D /* Lottie in Frameworks */ = {isa = PBXBuildFile; productRef = F26858562F69D68C00623C8D /* Lottie */; };
		F268585A2F69D6DA00623C8D /* SwiftKeychainWrapper in Frameworks */ = {isa = PBXBuildFile; productRef = F26858592F69D6DA00623C8D /* SwiftKeychainWrapper */; };
		F2D01E572F82EE9C00E1A2DE /* WidgetKit.framework in Frameworks */ = {isa = PBXBuildFile; fileRef = F2D01E562F82EE9C00E1A2DE /* WidgetKit.framework */; };
		F2D01E592F82EE9C00E1A2DE /* SwiftUI.framework in Frameworks */ = {isa = PBXBuildFile; fileRef = F2D01E582F82EE9C00E1A2DE /* SwiftUI.framework */; };
		F2D01E6A2F82EE9E00E1A2DE /* AACWidgetExtension.appex in Embed Foundation Extensions */ = {isa = PBXBuildFile; fileRef = F2D01E542F82EE9C00E1A2DE /* AACWidgetExtension.appex */; settings = {ATTRIBUTES = (RemoveHeadersOnCopy, ); }; };
/* End PBXBuildFile section */

/* Begin PBXContainerItemProxy section */
		F2179CD92F3DF0FD0083764D /* PBXContainerItemProxy */ = {
			isa = PBXContainerItemProxy;
			containerPortal = F2179CC02F3DF0FB0083764D /* Project object */;
			proxyType = 1;
			remoteGlobalIDString = F2179CC72F3DF0FB0083764D;
			remoteInfo = diploma2;
		};
		F2179CE32F3DF0FD0083764D /* PBXContainerItemProxy */ = {
			isa = PBXContainerItemProxy;
			containerPortal = F2179CC02F3DF0FB0083764D /* Project object */;
			proxyType = 1;
			remoteGlobalIDString = F2179CC72F3DF0FB0083764D;
			remoteInfo = diploma2;
		};
		F2D01E682F82EE9E00E1A2DE /* PBXContainerItemProxy */ = {
			isa = PBXContainerItemProxy;
			containerPortal = F2179CC02F3DF0FB0083764D /* Project object */;
			proxyType = 1;
			remoteGlobalIDString = F2D01E532F82EE9C00E1A2DE;
			remoteInfo = AACWidgetExtension;
		};
/* End PBXContainerItemProxy section */

/* Begin PBXCopyFilesBuildPhase section */
		F2D01E6F2F82EE9E00E1A2DE /* Embed Foundation Extensions */ = {
			isa = PBXCopyFilesBuildPhase;
			buildActionMask = 2147483647;
			dstPath = "";
			dstSubfolderSpec = 13;
			files = (
				F2D01E6A2F82EE9E00E1A2DE /* AACWidgetExtension.appex in Embed Foundation Extensions */,
			);
			name = "Embed Foundation Extensions";
			runOnlyForDeploymentPostprocessing = 0;
		};
/* End PBXCopyFilesBuildPhase section */

/* Begin PBXFileReference section */
		F2179CC82F3DF0FB0083764D /* diploma2.app */ = {isa = PBXFileReference; explicitFileType = wrapper.application; includeInIndex = 0; path = diploma2.app; sourceTree = BUILT_PRODUCTS_DIR; };
		F2179CD82F3DF0FD0083764D /* diploma2Tests.xctest */ = {isa = PBXFileReference; explicitFileType = wrapper.cfbundle; includeInIndex = 0; path = diploma2Tests.xctest; sourceTree = BUILT_PRODUCTS_DIR; };
		F2179CE22F3DF0FD0083764D /* diploma2UITests.xctest */ = {isa = PBXFileReference; explicitFileType = wrapper.cfbundle; includeInIndex = 0; path = diploma2UITests.xctest; sourceTree = BUILT_PRODUCTS_DIR; };
		F2D01E542F82EE9C00E1A2DE /* AACWidgetExtension.appex */ = {isa = PBXFileReference; explicitFileType = "wrapper.app-extension"; includeInIndex = 0; path = AACWidgetExtension.appex; sourceTree = BUILT_PRODUCTS_DIR; };
		F2D01E562F82EE9C00E1A2DE /* WidgetKit.framework */ = {isa = PBXFileReference; lastKnownFileType = wrapper.framework; name = WidgetKit.framework; path = System/Library/Frameworks/WidgetKit.framework; sourceTree = SDKROOT; };
		F2D01E582F82EE9C00E1A2DE /* SwiftUI.framework */ = {isa = PBXFileReference; lastKnownFileType = wrapper.framework; name = SwiftUI.framework; path = System/Library/Frameworks/SwiftUI.framework; sourceTree = SDKROOT; };
		F2D01E722F841AC900E1A2DE /* AACWidgetExtension.entitlements */ = {isa = PBXFileReference; lastKnownFileType = text.plist.entitlements; path = AACWidgetExtension.entitlements; sourceTree = "<group>"; };
/* End PBXFileReference section */

/* Begin PBXFileSystemSynchronizedBuildFileExceptionSet section */
		F26858712F69EAB400623C8D /* Exceptions for "diploma2" folder in "diploma2" target */ = {
			isa = PBXFileSystemSynchronizedBuildFileExceptionSet;
			membershipExceptions = (
				Info.plist,
				Resources/Info.plist,
			);
			target = F2179CC72F3DF0FB0083764D /* diploma2 */;
		};
		F2D01E6E2F82EE9E00E1A2DE /* Exceptions for "AACWidget" folder in "AACWidgetExtension" target */ = {
			isa = PBXFileSystemSynchronizedBuildFileExceptionSet;
			membershipExceptions = (
				Info.plist,
			);
			target = F2D01E532F82EE9C00E1A2DE /* AACWidgetExtension */;
		};
		F2D01E752F841B9000E1A2DE /* Exceptions for "diploma2" folder in "AACWidgetExtension" target */ = {
			isa = PBXFileSystemSynchronizedBuildFileExceptionSet;
			membershipExceptions = (
				Services/WidgetDataManager.swift,
			);
			target = F2D01E532F82EE9C00E1A2DE /* AACWidgetExtension */;
		};
/* End PBXFileSystemSynchronizedBuildFileExceptionSet section */

/* Begin PBXFileSystemSynchronizedRootGroup section */
		F2179CCA2F3DF0FB0083764D /* diploma2 */ = {
			isa = PBXFileSystemSynchronizedRootGroup;
			exceptions = (
				F26858712F69EAB400623C8D /* Exceptions for "diploma2" folder in "diploma2" target */,
				F2D01E752F841B9000E1A2DE /* Exceptions for "diploma2" folder in "AACWidgetExtension" target */,
			);
			path = diploma2;
			sourceTree = "<group>";
		};
		F2179CDB2F3DF0FD0083764D /* diploma2Tests */ = {
			isa = PBXFileSystemSynchronizedRootGroup;
			path = diploma2Tests;
			sourceTree = "<group>";
		};
		F2179CE52F3DF0FD0083764D /* diploma2UITests */ = {
			isa = PBXFileSystemSynchronizedRootGroup;
			path = diploma2UITests;
			sourceTree = "<group>";
		};
		F2D01E5A2F82EE9C00E1A2DE /* AACWidget */ = {
			isa = PBXFileSystemSynchronizedRootGroup;
			exceptions = (
				F2D01E6E2F82EE9E00E1A2DE /* Exceptions for "AACWidget" folder in "AACWidgetExtension" target */,
			);
			path = AACWidget;
			sourceTree = "<group>";
		};
/* End PBXFileSystemSynchronizedRootGroup section */

/* Begin PBXFrameworksBuildPhase section */
		F2179CC52F3DF0FB0083764D /* Frameworks */ = {
			isa = PBXFrameworksBuildPhase;
			buildActionMask = 2147483647;
			files = (
				F26858542F69D53200623C8D /* Kingfisher in Frameworks */,
				F26858512F69D4F000623C8D /* Alamofire in Frameworks */,
				F268585A2F69D6DA00623C8D /* SwiftKeychainWrapper in Frameworks */,
				F26858572F69D68C00623C8D /* Lottie in Frameworks */,
			);
			runOnlyForDeploymentPostprocessing = 0;
		};
		F2179CD52F3DF0FD0083764D /* Frameworks */ = {
			isa = PBXFrameworksBuildPhase;
			buildActionMask = 2147483647;
			files = (
			);
			runOnlyForDeploymentPostprocessing = 0;
		};
		F2179CDF2F3DF0FD0083764D /* Frameworks */ = {
			isa = PBXFrameworksBuildPhase;
			buildActionMask = 2147483647;
			files = (
			);
			runOnlyForDeploymentPostprocessing = 0;
		};
		F2D01E512F82EE9C00E1A2DE /* Frameworks */ = {
			isa = PBXFrameworksBuildPhase;
			buildActionMask = 2147483647;
			files = (
				F2D01E592F82EE9C00E1A2DE /* SwiftUI.framework in Frameworks */,
				F2D01E572F82EE9C00E1A2DE /* WidgetKit.framework in Frameworks */,
			);
			runOnlyForDeploymentPostprocessing = 0;
		};
/* End PBXFrameworksBuildPhase section */

/* Begin PBXGroup section */
		F2179CBF2F3DF0FB0083764D = {
			isa = PBXGroup;
			children = (
				F2D01E722F841AC900E1A2DE /* AACWidgetExtension.entitlements */,
				F2179CCA2F3DF0FB0083764D /* diploma2 */,
				F2179CDB2F3DF0FD0083764D /* diploma2Tests */,
				F2179CE52F3DF0FD0083764D /* diploma2UITests */,
				F2D01E5A2F82EE9C00E1A2DE /* AACWidget */,
				F2D01E552F82EE9C00E1A2DE /* Frameworks */,
				F2179CC92F3DF0FB0083764D /* Products */,
			);
			sourceTree = "<group>";
		};
		F2179CC92F3DF0FB0083764D /* Products */ = {
			isa = PBXGroup;
			children = (
				F2179CC82F3DF0FB0083764D /* diploma2.app */,
				F2179CD82F3DF0FD0083764D /* diploma2Tests.xctest */,
				F2179CE22F3DF0FD0083764D /* diploma2UITests.xctest */,
				F2D01E542F82EE9C00E1A2DE /* AACWidgetExtension.appex */,
			);
			name = Products;
			sourceTree = "<group>";
		};
		F2D01E552F82EE9C00E1A2DE /* Frameworks */ = {
			isa = PBXGroup;
			children = (
				F2D01E562F82EE9C00E1A2DE /* WidgetKit.framework */,
				F2D01E582F82EE9C00E1A2DE /* SwiftUI.framework */,
			);
			name = Frameworks;
			sourceTree = "<group>";
		};
/* End PBXGroup section */

/* Begin PBXNativeTarget section */
		F2179CC72F3DF0FB0083764D /* diploma2 */ = {
			isa = PBXNativeTarget;
			buildConfigurationList = F2179CEC2F3DF0FD0083764D /* Build configuration list for PBXNativeTarget "diploma2" */;
			buildPhases = (
				F2179CC42F3DF0FB0083764D /* Sources */,
				F2179CC52F3DF0FB0083764D /* Frameworks */,
				F2179CC62F3DF0FB0083764D /* Resources */,
				F2D01E6F2F82EE9E00E1A2DE /* Embed Foundation Extensions */,
			);
			buildRules = (
			);
			dependencies = (
				F2D01E692F82EE9E00E1A2DE /* PBXTargetDependency */,
			);
			fileSystemSynchronizedGroups = (
				F2179CCA2F3DF0FB0083764D /* diploma2 */,
			);
			name = diploma2;
			packageProductDependencies = (
				F26858502F69D4F000623C8D /* Alamofire */,
				F26858532F69D53200623C8D /* Kingfisher */,
				F26858562F69D68C00623C8D /* Lottie */,
				F26858592F69D6DA00623C8D /* SwiftKeychainWrapper */,
			);
			productName = diploma2;
			productReference = F2179CC82F3DF0FB0083764D /* diploma2.app */;
			productType = "com.apple.product-type.application";
		};
		F2179CD72F3DF0FD0083764D /* diploma2Tests */ = {
			isa = PBXNativeTarget;
			buildConfigurationList = F2179CEF2F3DF0FD0083764D /* Build configuration list for PBXNativeTarget "diploma2Tests" */;
			buildPhases = (
				F2179CD42F3DF0FD0083764D /* Sources */,
				F2179CD52F3DF0FD0083764D /* Frameworks */,
				F2179CD62F3DF0FD0083764D /* Resources */,
			);
			buildRules = (
			);
			dependencies = (
				F2179CDA2F3DF0FD0083764D /* PBXTargetDependency */,
			);
			fileSystemSynchronizedGroups = (
				F2179CDB2F3DF0FD0083764D /* diploma2Tests */,
			);
			name = diploma2Tests;
			packageProductDependencies = (
			);
			productName = diploma2Tests;
			productReference = F2179CD82F3DF0FD0083764D /* diploma2Tests.xctest */;
			productType = "com.apple.product-type.bundle.unit-test";
		};
		F2179CE12F3DF0FD0083764D /* diploma2UITests */ = {
			isa = PBXNativeTarget;
			buildConfigurationList = F2179CF22F3DF0FD0083764D /* Build configuration list for PBXNativeTarget "diploma2UITests" */;
			buildPhases = (
				F2179CDE2F3DF0FD0083764D /* Sources */,
				F2179CDF2F3DF0FD0083764D /* Frameworks */,
				F2179CE02F3DF0FD0083764D /* Resources */,
			);
			buildRules = (
			);
			dependencies = (
				F2179CE42F3DF0FD0083764D /* PBXTargetDependency */,
			);
			fileSystemSynchronizedGroups = (
				F2179CE52F3DF0FD0083764D /* diploma2UITests */,
			);
			name = diploma2UITests;
			packageProductDependencies = (
			);
			productName = diploma2UITests;
			productReference = F2179CE22F3DF0FD0083764D /* diploma2UITests.xctest */;
			productType = "com.apple.product-type.bundle.ui-testing";
		};
		F2D01E532F82EE9C00E1A2DE /* AACWidgetExtension */ = {
			isa = PBXNativeTarget;
			buildConfigurationList = F2D01E6B2F82EE9E00E1A2DE /* Build configuration list for PBXNativeTarget "AACWidgetExtension" */;
			buildPhases = (
				F2D01E502F82EE9C00E1A2DE /* Sources */,
				F2D01E512F82EE9C00E1A2DE /* Frameworks */,
				F2D01E522F82EE9C00E1A2DE /* Resources */,
			);
			buildRules = (
			);
			dependencies = (
			);
			fileSystemSynchronizedGroups = (
				F2D01E5A2F82EE9C00E1A2DE /* AACWidget */,
			);
			name = AACWidgetExtension;
			packageProductDependencies = (
			);
			productName = AACWidgetExtension;
			productReference = F2D01E542F82EE9C00E1A2DE /* AACWidgetExtension.appex */;
			productType = "com.apple.product-type.app-extension";
		};
/* End PBXNativeTarget section */

/* Begin PBXProject section */
		F2179CC02F3DF0FB0083764D /* Project object */ = {
			isa = PBXProject;
			attributes = {
				BuildIndependentTargetsInParallel = 1;
				LastSwiftUpdateCheck = 1620;
				LastUpgradeCheck = 1620;
				TargetAttributes = {
					F2179CC72F3DF0FB0083764D = {
						CreatedOnToolsVersion = 16.2;
					};
					F2179CD72F3DF0FD0083764D = {
						CreatedOnToolsVersion = 16.2;
						TestTargetID = F2179CC72F3DF0FB0083764D;
					};
					F2179CE12F3DF0FD0083764D = {
						CreatedOnToolsVersion = 16.2;
						TestTargetID = F2179CC72F3DF0FB0083764D;
					};
					F2D01E532F82EE9C00E1A2DE = {
						CreatedOnToolsVersion = 16.2;
					};
				};
			};
			buildConfigurationList = F2179CC32F3DF0FB0083764D /* Build configuration list for PBXProject "diploma2" */;
			developmentRegion = en;
			hasScannedForEncodings = 0;
			knownRegions = (
				en,
				Base,
				kk,
				ru,
			);
			mainGroup = F2179CBF2F3DF0FB0083764D;
			minimizedProjectReferenceProxies = 1;
			packageReferences = (
				F268584F2F69D4F000623C8D /* XCRemoteSwiftPackageReference "Alamofire" */,
				F26858522F69D53200623C8D /* XCRemoteSwiftPackageReference "Kingfisher" */,
				F26858552F69D68C00623C8D /* XCRemoteSwiftPackageReference "lottie-spm" */,
				F26858582F69D6DA00623C8D /* XCRemoteSwiftPackageReference "SwiftKeychainWrapper" */,
			);
			preferredProjectObjectVersion = 77;
			productRefGroup = F2179CC92F3DF0FB0083764D /* Products */;
			projectDirPath = "";
			projectRoot = "";
			targets = (
				F2179CC72F3DF0FB0083764D /* diploma2 */,
				F2179CD72F3DF0FD0083764D /* diploma2Tests */,
				F2179CE12F3DF0FD0083764D /* diploma2UITests */,
				F2D01E532F82EE9C00E1A2DE /* AACWidgetExtension */,
			);
		};
/* End PBXProject section */

/* Begin PBXResourcesBuildPhase section */
		F2179CC62F3DF0FB0083764D /* Resources */ = {
			isa = PBXResourcesBuildPhase;
			buildActionMask = 2147483647;
			files = (
			);
			runOnlyForDeploymentPostprocessing = 0;
		};
		F2179CD62F3DF0FD0083764D /* Resources */ = {
			isa = PBXResourcesBuildPhase;
			buildActionMask = 2147483647;
			files = (
			);
			runOnlyForDeploymentPostprocessing = 0;
		};
		F2179CE02F3DF0FD0083764D /* Resources */ = {
			isa = PBXResourcesBuildPhase;
			buildActionMask = 2147483647;
			files = (
			);
			runOnlyForDeploymentPostprocessing = 0;
		};
		F2D01E522F82EE9C00E1A2DE /* Resources */ = {
			isa = PBXResourcesBuildPhase;
			buildActionMask = 2147483647;
			files = (
			);
			runOnlyForDeploymentPostprocessing = 0;
		};
/* End PBXResourcesBuildPhase section */

/* Begin PBXSourcesBuildPhase section */
		F2179CC42F3DF0FB0083764D /* Sources */ = {
			isa = PBXSourcesBuildPhase;
			buildActionMask = 2147483647;
			files = (
			);
			runOnlyForDeploymentPostprocessing = 0;
		};
		F2179CD42F3DF0FD0083764D /* Sources */ = {
			isa = PBXSourcesBuildPhase;
			buildActionMask = 2147483647;
			files = (
			);
			runOnlyForDeploymentPostprocessing = 0;
		};
		F2179CDE2F3DF0FD0083764D /* Sources */ = {
			isa = PBXSourcesBuildPhase;
			buildActionMask = 2147483647;
			files = (
			);
			runOnlyForDeploymentPostprocessing = 0;
		};
		F2D01E502F82EE9C00E1A2DE /* Sources */ = {
			isa = PBXSourcesBuildPhase;
			buildActionMask = 2147483647;
			files = (
			);
			runOnlyForDeploymentPostprocessing = 0;
		};
/* End PBXSourcesBuildPhase section */

/* Begin PBXTargetDependency section */
		F2179CDA2F3DF0FD0083764D /* PBXTargetDependency */ = {
			isa = PBXTargetDependency;
			target = F2179CC72F3DF0FB0083764D /* diploma2 */;
			targetProxy = F2179CD92F3DF0FD0083764D /* PBXContainerItemProxy */;
		};
		F2179CE42F3DF0FD0083764D /* PBXTargetDependency */ = {
			isa = PBXTargetDependency;
			target = F2179CC72F3DF0FB0083764D /* diploma2 */;
			targetProxy = F2179CE32F3DF0FD0083764D /* PBXContainerItemProxy */;
		};
		F2D01E692F82EE9E00E1A2DE /* PBXTargetDependency */ = {
			isa = PBXTargetDependency;
			target = F2D01E532F82EE9C00E1A2DE /* AACWidgetExtension */;
			targetProxy = F2D01E682F82EE9E00E1A2DE /* PBXContainerItemProxy */;
		};
/* End PBXTargetDependency section */

/* Begin XCBuildConfiguration section */
		F2179CEA2F3DF0FD0083764D /* Debug */ = {
			isa = XCBuildConfiguration;
			buildSettings = {
				ALWAYS_SEARCH_USER_PATHS = NO;
				ASSETCATALOG_COMPILER_GENERATE_SWIFT_ASSET_SYMBOL_EXTENSIONS = YES;
				CLANG_ANALYZER_NONNULL = YES;
				CLANG_ANALYZER_NUMBER_OBJECT_CONVERSION = YES_AGGRESSIVE;
				CLANG_CXX_LANGUAGE_STANDARD = "gnu++20";
				CLANG_ENABLE_MODULES = YES;
				CLANG_ENABLE_OBJC_ARC = YES;
				CLANG_ENABLE_OBJC_WEAK = YES;
				CLANG_WARN_BLOCK_CAPTURE_AUTORELEASING = YES;
				CLANG_WARN_BOOL_CONVERSION = YES;
				CLANG_WARN_COMMA = YES;
				CLANG_WARN_CONSTANT_CONVERSION = YES;
				CLANG_WARN_DEPRECATED_OBJC_IMPLEMENTATIONS = YES;
				CLANG_WARN_DIRECT_OBJC_ISA_USAGE = YES_ERROR;
				CLANG_WARN_DOCUMENTATION_COMMENTS = YES;
				CLANG_WARN_EMPTY_BODY = YES;
				CLANG_WARN_ENUM_CONVERSION = YES;
				CLANG_WARN_INFINITE_RECURSION = YES;
				CLANG_WARN_INT_CONVERSION = YES;
				CLANG_WARN_NON_LITERAL_NULL_CONVERSION = YES;
				CLANG_WARN_OBJC_IMPLICIT_RETAIN_SELF = YES;
				CLANG_WARN_OBJC_LITERAL_CONVERSION = YES;
				CLANG_WARN_OBJC_ROOT_CLASS = YES_ERROR;
				CLANG_WARN_QUOTED_INCLUDE_IN_FRAMEWORK_HEADER = YES;
				CLANG_WARN_RANGE_LOOP_ANALYSIS = YES;
				CLANG_WARN_STRICT_PROTOTYPES = YES;
				CLANG_WARN_SUSPICIOUS_MOVE = YES;
				CLANG_WARN_UNGUARDED_AVAILABILITY = YES_AGGRESSIVE;
				CLANG_WARN_UNREACHABLE_CODE = YES;
				CLANG_WARN__DUPLICATE_METHOD_MATCH = YES;
				COPY_PHASE_STRIP = NO;
				DEBUG_INFORMATION_FORMAT = dwarf;
				ENABLE_STRICT_OBJC_MSGSEND = YES;
				ENABLE_TESTABILITY = YES;
				ENABLE_USER_SCRIPT_SANDBOXING = YES;
				GCC_C_LANGUAGE_STANDARD = gnu17;
				GCC_DYNAMIC_NO_PIC = NO;
				GCC_NO_COMMON_BLOCKS = YES;
				GCC_OPTIMIZATION_LEVEL = 0;
				GCC_PREPROCESSOR_DEFINITIONS = (
					"DEBUG=1",
					"$(inherited)",
				);
				GCC_WARN_64_TO_32_BIT_CONVERSION = YES;
				GCC_WARN_ABOUT_RETURN_TYPE = YES_ERROR;
				GCC_WARN_UNDECLARED_SELECTOR = YES;
				GCC_WARN_UNINITIALIZED_AUTOS = YES_AGGRESSIVE;
				GCC_WARN_UNUSED_FUNCTION = YES;
				GCC_WARN_UNUSED_VARIABLE = YES;
				IPHONEOS_DEPLOYMENT_TARGET = 18.2;
				LOCALIZATION_PREFERS_STRING_CATALOGS = YES;
				MTL_ENABLE_DEBUG_INFO = INCLUDE_SOURCE;
				MTL_FAST_MATH = YES;
				ONLY_ACTIVE_ARCH = YES;
				SDKROOT = iphoneos;
				SWIFT_ACTIVE_COMPILATION_CONDITIONS = "DEBUG $(inherited)";
				SWIFT_OPTIMIZATION_LEVEL = "-Onone";
			};
			name = Debug;
		};
		F2179CEB2F3DF0FD0083764D /* Release */ = {
			isa = XCBuildConfiguration;
			buildSettings = {
				ALWAYS_SEARCH_USER_PATHS = NO;
				ASSETCATALOG_COMPILER_GENERATE_SWIFT_ASSET_SYMBOL_EXTENSIONS = YES;
				CLANG_ANALYZER_NONNULL = YES;
				CLANG_ANALYZER_NUMBER_OBJECT_CONVERSION = YES_AGGRESSIVE;
				CLANG_CXX_LANGUAGE_STANDARD = "gnu++20";
				CLANG_ENABLE_MODULES = YES;
				CLANG_ENABLE_OBJC_ARC = YES;
				CLANG_ENABLE_OBJC_WEAK = YES;
				CLANG_WARN_BLOCK_CAPTURE_AUTORELEASING = YES;
				CLANG_WARN_BOOL_CONVERSION = YES;
				CLANG_WARN_COMMA = YES;
				CLANG_WARN_CONSTANT_CONVERSION = YES;
				CLANG_WARN_DEPRECATED_OBJC_IMPLEMENTATIONS = YES;
				CLANG_WARN_DIRECT_OBJC_ISA_USAGE = YES_ERROR;
				CLANG_WARN_DOCUMENTATION_COMMENTS = YES;
				CLANG_WARN_EMPTY_BODY = YES;
				CLANG_WARN_ENUM_CONVERSION = YES;
				CLANG_WARN_INFINITE_RECURSION = YES;
				CLANG_WARN_INT_CONVERSION = YES;
				CLANG_WARN_NON_LITERAL_NULL_CONVERSION = YES;
				CLANG_WARN_OBJC_IMPLICIT_RETAIN_SELF = YES;
				CLANG_WARN_OBJC_LITERAL_CONVERSION = YES;
				CLANG_WARN_OBJC_ROOT_CLASS = YES_ERROR;
				CLANG_WARN_QUOTED_INCLUDE_IN_FRAMEWORK_HEADER = YES;
				CLANG_WARN_RANGE_LOOP_ANALYSIS = YES;
				CLANG_WARN_STRICT_PROTOTYPES = YES;
				CLANG_WARN_SUSPICIOUS_MOVE = YES;
				CLANG_WARN_UNGUARDED_AVAILABILITY = YES_AGGRESSIVE;
				CLANG_WARN_UNREACHABLE_CODE = YES;
				CLANG_WARN__DUPLICATE_METHOD_MATCH = YES;
				COPY_PHASE_STRIP = NO;
				DEBUG_INFORMATION_FORMAT = "dwarf-with-dsym";
				ENABLE_NS_ASSERTIONS = NO;
				ENABLE_STRICT_OBJC_MSGSEND = YES;
				ENABLE_USER_SCRIPT_SANDBOXING = YES;
				GCC_C_LANGUAGE_STANDARD = gnu17;
				GCC_NO_COMMON_BLOCKS = YES;
				GCC_WARN_64_TO_32_BIT_CONVERSION = YES;
				GCC_WARN_ABOUT_RETURN_TYPE = YES_ERROR;
				GCC_WARN_UNDECLARED_SELECTOR = YES;
				GCC_WARN_UNINITIALIZED_AUTOS = YES_AGGRESSIVE;
				GCC_WARN_UNUSED_FUNCTION = YES;
				GCC_WARN_UNUSED_VARIABLE = YES;
				IPHONEOS_DEPLOYMENT_TARGET = 18.2;
				LOCALIZATION_PREFERS_STRING_CATALOGS = YES;
				MTL_ENABLE_DEBUG_INFO = NO;
				MTL_FAST_MATH = YES;
				SDKROOT = iphoneos;
				SWIFT_COMPILATION_MODE = wholemodule;
				VALIDATE_PRODUCT = YES;
			};
			name = Release;
		};
		F2179CED2F3DF0FD0083764D /* Debug */ = {
			isa = XCBuildConfiguration;
			buildSettings = {
				ASSETCATALOG_COMPILER_APPICON_NAME = AppIcon;
				ASSETCATALOG_COMPILER_GLOBAL_ACCENT_COLOR_NAME = AccentColor;
				CODE_SIGN_ENTITLEMENTS = diploma2/diploma2.entitlements;
				CODE_SIGN_STYLE = Automatic;
				CURRENT_PROJECT_VERSION = 1;
				DEVELOPMENT_ASSET_PATHS = "\"diploma2/Preview Content\"";
				DEVELOPMENT_TEAM = CUSRB2J8W9;
				ENABLE_PREVIEWS = YES;
				GENERATE_INFOPLIST_FILE = YES;
				INFOPLIST_FILE = diploma2/Info.plist;
				INFOPLIST_KEY_CFBundleDisplayName = Unim;
				INFOPLIST_KEY_LSApplicationCategoryType = "";
				INFOPLIST_KEY_NSCameraUsageDescription = "Take a photo to create a communication card";
				INFOPLIST_KEY_NSPhotoLibraryUsageDescription = "Choose a photo from your library to create a communication card";
				INFOPLIST_KEY_UIApplicationSceneManifest_Generation = YES;
				INFOPLIST_KEY_UIApplicationSupportsIndirectInputEvents = YES;
				INFOPLIST_KEY_UILaunchScreen_Generation = YES;
				INFOPLIST_KEY_UISupportedInterfaceOrientations_iPad = "UIInterfaceOrientationPortrait UIInterfaceOrientationPortraitUpsideDown UIInterfaceOrientationLandscapeLeft UIInterfaceOrientationLandscapeRight";
				INFOPLIST_KEY_UISupportedInterfaceOrientations_iPhone = "UIInterfaceOrientationPortrait UIInterfaceOrientationLandscapeLeft UIInterfaceOrientationLandscapeRight";
				LD_RUNPATH_SEARCH_PATHS = (
					"$(inherited)",
					"@executable_path/Frameworks",
				);
				MARKETING_VERSION = 1.0;
				PRODUCT_BUNDLE_IDENTIFIER = com.bayanbayevasm.diploma2;
				PRODUCT_NAME = "$(TARGET_NAME)";
				SWIFT_EMIT_LOC_STRINGS = YES;
				SWIFT_VERSION = 5.0;
				TARGETED_DEVICE_FAMILY = "1,2";
			};
			name = Debug;
		};
		F2179CEE2F3DF0FD0083764D /* Release */ = {
			isa = XCBuildConfiguration;
			buildSettings = {
				ASSETCATALOG_COMPILER_APPICON_NAME = AppIcon;
				ASSETCATALOG_COMPILER_GLOBAL_ACCENT_COLOR_NAME = AccentColor;
				CODE_SIGN_ENTITLEMENTS = diploma2/diploma2.entitlements;
				CODE_SIGN_STYLE = Automatic;
				CURRENT_PROJECT_VERSION = 1;
				DEVELOPMENT_ASSET_PATHS = "\"diploma2/Preview Content\"";
				DEVELOPMENT_TEAM = CUSRB2J8W9;
				ENABLE_PREVIEWS = YES;
				GENERATE_INFOPLIST_FILE = YES;
				INFOPLIST_FILE = diploma2/Info.plist;
				INFOPLIST_KEY_CFBundleDisplayName = Unim;
				INFOPLIST_KEY_LSApplicationCategoryType = "";
				INFOPLIST_KEY_NSCameraUsageDescription = "Take a photo to create a communication card";
				INFOPLIST_KEY_NSPhotoLibraryUsageDescription = "Choose a photo from your library to create a communication card";
				INFOPLIST_KEY_UIApplicationSceneManifest_Generation = YES;
				INFOPLIST_KEY_UIApplicationSupportsIndirectInputEvents = YES;
				INFOPLIST_KEY_UILaunchScreen_Generation = YES;
				INFOPLIST_KEY_UISupportedInterfaceOrientations_iPad = "UIInterfaceOrientationPortrait UIInterfaceOrientationPortraitUpsideDown UIInterfaceOrientationLandscapeLeft UIInterfaceOrientationLandscapeRight";
				INFOPLIST_KEY_UISupportedInterfaceOrientations_iPhone = "UIInterfaceOrientationPortrait UIInterfaceOrientationLandscapeLeft UIInterfaceOrientationLandscapeRight";
				LD_RUNPATH_SEARCH_PATHS = (
					"$(inherited)",
					"@executable_path/Frameworks",
				);
				MARKETING_VERSION = 1.0;
				PRODUCT_BUNDLE_IDENTIFIER = com.bayanbayevasm.diploma2;
				PRODUCT_NAME = "$(TARGET_NAME)";
				SWIFT_EMIT_LOC_STRINGS = YES;
				SWIFT_VERSION = 5.0;
				TARGETED_DEVICE_FAMILY = "1,2";
			};
			name = Release;
		};
		F2179CF02F3DF0FD0083764D /* Debug */ = {
			isa = XCBuildConfiguration;
			buildSettings = {
				BUNDLE_LOADER = "$(TEST_HOST)";
				CODE_SIGN_STYLE = Automatic;
				CURRENT_PROJECT_VERSION = 1;
				DEVELOPMENT_TEAM = CUSRB2J8W9;
				GENERATE_INFOPLIST_FILE = YES;
				IPHONEOS_DEPLOYMENT_TARGET = 18.2;
				MARKETING_VERSION = 1.0;
				PRODUCT_BUNDLE_IDENTIFIER = com.bayanbayevasm.diploma2Tests;
				PRODUCT_NAME = "$(TARGET_NAME)";
				SWIFT_EMIT_LOC_STRINGS = NO;
				SWIFT_VERSION = 5.0;
				TARGETED_DEVICE_FAMILY = "1,2";
				TEST_HOST = "$(BUILT_PRODUCTS_DIR)/diploma2.app/$(BUNDLE_EXECUTABLE_FOLDER_PATH)/diploma2";
			};
			name = Debug;
		};
		F2179CF12F3DF0FD0083764D /* Release */ = {
			isa = XCBuildConfiguration;
			buildSettings = {
				BUNDLE_LOADER = "$(TEST_HOST)";
				CODE_SIGN_STYLE = Automatic;
				CURRENT_PROJECT_VERSION = 1;
				DEVELOPMENT_TEAM = CUSRB2J8W9;
				GENERATE_INFOPLIST_FILE = YES;
				IPHONEOS_DEPLOYMENT_TARGET = 18.2;
				MARKETING_VERSION = 1.0;
				PRODUCT_BUNDLE_IDENTIFIER = com.bayanbayevasm.diploma2Tests;
				PRODUCT_NAME = "$(TARGET_NAME)";
				SWIFT_EMIT_LOC_STRINGS = NO;
				SWIFT_VERSION = 5.0;
				TARGETED_DEVICE_FAMILY = "1,2";
				TEST_HOST = "$(BUILT_PRODUCTS_DIR)/diploma2.app/$(BUNDLE_EXECUTABLE_FOLDER_PATH)/diploma2";
			};
			name = Release;
		};
		F2179CF32F3DF0FD0083764D /* Debug */ = {
			isa = XCBuildConfiguration;
			buildSettings = {
				CODE_SIGN_STYLE = Automatic;
				CURRENT_PROJECT_VERSION = 1;
				DEVELOPMENT_TEAM = CUSRB2J8W9;
				GENERATE_INFOPLIST_FILE = YES;
				MARKETING_VERSION = 1.0;
				PRODUCT_BUNDLE_IDENTIFIER = com.bayanbayevasm.diploma2UITests;
				PRODUCT_NAME = "$(TARGET_NAME)";
				SWIFT_EMIT_LOC_STRINGS = NO;
				SWIFT_VERSION = 5.0;
				TARGETED_DEVICE_FAMILY = "1,2";
				TEST_TARGET_NAME = diploma2;
			};
			name = Debug;
		};
		F2179CF42F3DF0FD0083764D /* Release */ = {
			isa = XCBuildConfiguration;
			buildSettings = {
				CODE_SIGN_STYLE = Automatic;
				CURRENT_PROJECT_VERSION = 1;
				DEVELOPMENT_TEAM = CUSRB2J8W9;
				GENERATE_INFOPLIST_FILE = YES;
				MARKETING_VERSION = 1.0;
				PRODUCT_BUNDLE_IDENTIFIER = com.bayanbayevasm.diploma2UITests;
				PRODUCT_NAME = "$(TARGET_NAME)";
				SWIFT_EMIT_LOC_STRINGS = NO;
				SWIFT_VERSION = 5.0;
				TARGETED_DEVICE_FAMILY = "1,2";
				TEST_TARGET_NAME = diploma2;
			};
			name = Release;
		};
		F2D01E6C2F82EE9E00E1A2DE /* Debug */ = {
			isa = XCBuildConfiguration;
			buildSettings = {
				ASSETCATALOG_COMPILER_GLOBAL_ACCENT_COLOR_NAME = AccentColor;
				ASSETCATALOG_COMPILER_WIDGET_BACKGROUND_COLOR_NAME = WidgetBackground;
				CODE_SIGN_ENTITLEMENTS = AACWidgetExtension.entitlements;
				CODE_SIGN_STYLE = Automatic;
				CURRENT_PROJECT_VERSION = 1;
				DEVELOPMENT_TEAM = CUSRB2J8W9;
				GENERATE_INFOPLIST_FILE = YES;
				INFOPLIST_FILE = AACWidget/Info.plist;
				INFOPLIST_KEY_CFBundleDisplayName = AACWidget;
				INFOPLIST_KEY_NSHumanReadableCopyright = "";
				LD_RUNPATH_SEARCH_PATHS = (
					"$(inherited)",
					"@executable_path/Frameworks",
					"@executable_path/../../Frameworks",
				);
				MARKETING_VERSION = 1.0;
				PRODUCT_BUNDLE_IDENTIFIER = com.bayanbayevasm.diploma2.AACWidget;
				PRODUCT_NAME = "$(TARGET_NAME)";
				SKIP_INSTALL = YES;
				SWIFT_EMIT_LOC_STRINGS = YES;
				SWIFT_VERSION = 5.0;
				TARGETED_DEVICE_FAMILY = "1,2";
			};
			name = Debug;
		};
		F2D01E6D2F82EE9E00E1A2DE /* Release */ = {
			isa = XCBuildConfiguration;
			buildSettings = {
				ASSETCATALOG_COMPILER_GLOBAL_ACCENT_COLOR_NAME = AccentColor;
				ASSETCATALOG_COMPILER_WIDGET_BACKGROUND_COLOR_NAME = WidgetBackground;
				CODE_SIGN_ENTITLEMENTS = AACWidgetExtension.entitlements;
				CODE_SIGN_STYLE = Automatic;
				CURRENT_PROJECT_VERSION = 1;
				DEVELOPMENT_TEAM = CUSRB2J8W9;
				GENERATE_INFOPLIST_FILE = YES;
				INFOPLIST_FILE = AACWidget/Info.plist;
				INFOPLIST_KEY_CFBundleDisplayName = AACWidget;
				INFOPLIST_KEY_NSHumanReadableCopyright = "";
				LD_RUNPATH_SEARCH_PATHS = (
					"$(inherited)",
					"@executable_path/Frameworks",
					"@executable_path/../../Frameworks",
				);
				MARKETING_VERSION = 1.0;
				PRODUCT_BUNDLE_IDENTIFIER = com.bayanbayevasm.diploma2.AACWidget;
				PRODUCT_NAME = "$(TARGET_NAME)";
				SKIP_INSTALL = YES;
				SWIFT_EMIT_LOC_STRINGS = YES;
				SWIFT_VERSION = 5.0;
				TARGETED_DEVICE_FAMILY = "1,2";
			};
			name = Release;
		};
/* End XCBuildConfiguration section */

/* Begin XCConfigurationList section */
		F2179CC32F3DF0FB0083764D /* Build configuration list for PBXProject "diploma2" */ = {
			isa = XCConfigurationList;
			buildConfigurations = (
				F2179CEA2F3DF0FD0083764D /* Debug */,
				F2179CEB2F3DF0FD0083764D /* Release */,
			);
			defaultConfigurationIsVisible = 0;
			defaultConfigurationName = Release;
		};
		F2179CEC2F3DF0FD0083764D /* Build configuration list for PBXNativeTarget "diploma2" */ = {
			isa = XCConfigurationList;
			buildConfigurations = (
				F2179CED2F3DF0FD0083764D /* Debug */,
				F2179CEE2F3DF0FD0083764D /* Release */,
			);
			defaultConfigurationIsVisible = 0;
			defaultConfigurationName = Release;
		};
		F2179CEF2F3DF0FD0083764D /* Build configuration list for PBXNativeTarget "diploma2Tests" */ = {
			isa = XCConfigurationList;
			buildConfigurations = (
				F2179CF02F3DF0FD0083764D /* Debug */,
				F2179CF12F3DF0FD0083764D /* Release */,
			);
			defaultConfigurationIsVisible = 0;
			defaultConfigurationName = Release;
		};
		F2179CF22F3DF0FD0083764D /* Build configuration list for PBXNativeTarget "diploma2UITests" */ = {
			isa = XCConfigurationList;
			buildConfigurations = (
				F2179CF32F3DF0FD0083764D /* Debug */,
				F2179CF42F3DF0FD0083764D /* Release */,
			);
			defaultConfigurationIsVisible = 0;
			defaultConfigurationName = Release;
		};
		F2D01E6B2F82EE9E00E1A2DE /* Build configuration list for PBXNativeTarget "AACWidgetExtension" */ = {
			isa = XCConfigurationList;
			buildConfigurations = (
				F2D01E6C2F82EE9E00E1A2DE /* Debug */,
				F2D01E6D2F82EE9E00E1A2DE /* Release */,
			);
			defaultConfigurationIsVisible = 0;
			defaultConfigurationName = Release;
		};
/* End XCConfigurationList section */

/* Begin XCRemoteSwiftPackageReference section */
		F268584F2F69D4F000623C8D /* XCRemoteSwiftPackageReference "Alamofire" */ = {
			isa = XCRemoteSwiftPackageReference;
			repositoryURL = "https://github.com/Alamofire/Alamofire";
			requirement = {
				kind = upToNextMajorVersion;
				minimumVersion = 5.11.1;
			};
		};
		F26858522F69D53200623C8D /* XCRemoteSwiftPackageReference "Kingfisher" */ = {
			isa = XCRemoteSwiftPackageReference;
			repositoryURL = "https://github.com/onevcat/Kingfisher";
			requirement = {
				kind = upToNextMajorVersion;
				minimumVersion = 8.8.0;
			};
		};
		F26858552F69D68C00623C8D /* XCRemoteSwiftPackageReference "lottie-spm" */ = {
			isa = XCRemoteSwiftPackageReference;
			repositoryURL = "https://github.com/airbnb/lottie-spm.git";
			requirement = {
				kind = upToNextMajorVersion;
				minimumVersion = 4.6.0;
			};
		};
		F26858582F69D6DA00623C8D /* XCRemoteSwiftPackageReference "SwiftKeychainWrapper" */ = {
			isa = XCRemoteSwiftPackageReference;
			repositoryURL = "https://github.com/jrendel/SwiftKeychainWrapper";
			requirement = {
				kind = upToNextMajorVersion;
				minimumVersion = 4.0.1;
			};
		};
/* End XCRemoteSwiftPackageReference section */

/* Begin XCSwiftPackageProductDependency section */
		F26858502F69D4F000623C8D /* Alamofire */ = {
			isa = XCSwiftPackageProductDependency;
			package = F268584F2F69D4F000623C8D /* XCRemoteSwiftPackageReference "Alamofire" */;
			productName = Alamofire;
		};
		F26858532F69D53200623C8D /* Kingfisher */ = {
			isa = XCSwiftPackageProductDependency;
			package = F26858522F69D53200623C8D /* XCRemoteSwiftPackageReference "Kingfisher" */;
			productName = Kingfisher;
		};
		F26858562F69D68C00623C8D /* Lottie */ = {
			isa = XCSwiftPackageProductDependency;
			package = F26858552F69D68C00623C8D /* XCRemoteSwiftPackageReference "lottie-spm" */;
			productName = Lottie;
		};
		F26858592F69D6DA00623C8D /* SwiftKeychainWrapper */ = {
			isa = XCSwiftPackageProductDependency;
			package = F26858582F69D6DA00623C8D /* XCRemoteSwiftPackageReference "SwiftKeychainWrapper" */;
			productName = SwiftKeychainWrapper;
		};
/* End XCSwiftPackageProductDependency section */
	};
	rootObject = F2179CC02F3DF0FB0083764D /* Project object */;
}
